{
  "nodes": {
    "kernel-src": {
      "flake": false,
      "locked": {
        "lastModified": 1670360826,
        "narHash": "sha256-FAhC17ccRoDaQAMfrC5jQocLmA1butFw4VfnxOKLFPE=",
        "owner": "samueldr",
        "repo": "linux",
        "rev": "11125ef30363f574fcccc2354aa9bf0948752eda",
        "type": "github"
      },
      "original": {
        "owner": "samueldr",
        "ref": "wip/rock5-bsp-2022-12-06",
        "repo": "linux",
        "type": "github"
      }
    },
    "nixpkgs": {
      "locked": {
        "lastModified": 1670507980,
        "narHash": "sha256-riNZa0xzM1it3pzxciwALeMs+0CsBMWIW2FqulzK8vM=",
        "owner": "nixos",
        "repo": "nixpkgs",
        "rev": "2787fc7d1e51404678614bf0fe92fc296746eec0",
        "type": "github"
      },
      "original": {
        "owner": "nixos",
        "ref": "nixos-unstable",
        "repo": "nixpkgs",
        "type": "github"
      }
    },
    "root": {
      "inputs": {
        "kernel-src": "kernel-src",
        "nixpkgs": "nixpkgs"
      }
    }
  },
  "root": "root",
  "version": 7
}
