{
  "nodes": {
    "fan-control": {
      "flake": false,
      "locked": {
        "lastModified": 1669548492,
        "narHash": "sha256-qqPmOEF+r10VGz3izAnHZW6aJk1mOXy9BrpR9FvWSt0=",
        "owner": "pymumu",
        "repo": "fan-control-rock5b",
        "rev": "8419990c6c0f47a3ed0b55255d7e3591cc5fdab9",
        "type": "github"
      },
      "original": {
        "owner": "pymumu",
        "repo": "fan-control-rock5b",
        "type": "github"
      }
    },
    "kernel-src": {
      "flake": false,
      "locked": {
        "lastModified": 1670395302,
        "narHash": "sha256-IZdeXSvGips2OPTwXljGPTeR2Kpx70NGQGF0Cd9xa+0=",
        "owner": "radxa",
        "repo": "kernel",
        "rev": "ca15bbe36e6c087c96a603db7cc491a01d9a6467",
        "type": "github"
      },
      "original": {
        "owner": "radxa",
        "repo": "kernel",
        "type": "github"
      }
    },
    "nixpkgs": {
      "locked": {
        "lastModified": 1656239181,
        "narHash": "sha256-wW1xRFBn376yGloXZ4QzBE4hjipMawpV18Lshd9QSPw=",
        "owner": "nixos",
        "repo": "nixpkgs",
        "rev": "f2537a505d45c31fe5d9c27ea9829b6f4c4e6ac5",
        "type": "github"
      },
      "original": {
        "owner": "nixos",
        "repo": "nixpkgs",
        "rev": "f2537a505d45c31fe5d9c27ea9829b6f4c4e6ac5",
        "type": "github"
      }
    },
    "root": {
      "inputs": {
        "fan-control": "fan-control",
        "kernel-src": "kernel-src",
        "nixpkgs": "nixpkgs",
        "uboot-src": "uboot-src"
      }
    },
    "uboot-src": {
      "flake": false,
      "locked": {
        "lastModified": 1673525607,
        "narHash": "sha256-52OZBfKaWQaq7t/55PXKuQrC8jcOrjb+XW41OTqYKPE=",
        "owner": "radxa",
        "repo": "u-boot",
        "rev": "5753b21aa92481ec3191fdf1f4d53274590ac5aa",
        "type": "github"
      },
      "original": {
        "owner": "radxa",
        "ref": "stable-5.10-rock5",
        "repo": "u-boot",
        "type": "github"
      }
    }
  },
  "root": "root",
  "version": 7
}
